
Microsoft Visual Studio Solution File, Format Version 12.00
# Visual Studio 15
VisualStudioVersion = 15.0.28307.1433
MinimumVisualStudioVersion = 10.0.40219.1
Project("{FAE04EC0-301F-11D3-BF4B-00C04F79EFBC}") = "WebApplication2", "WebApplication2\WebApplication2.csproj", "{48DA2142-CEA3-45B6-812B-2B7D43867B79}"
EndProject
Global
	GlobalSection(SolutionConfigurationPlatforms) = preSolution
		Debug|Any CPU = Debug|Any CPU
		Release|Any CPU = Release|Any CPU
	EndGlobalSection
	GlobalSection(ProjectConfigurationPlatforms) = postSolution
		{48DA2142-CEA3-45B6-812B-2B7D43867B79}.Debug|Any CPU.ActiveCfg = Debug|Any CPU
		{48DA2142-CEA3-45B6-812B-2B7D43867B79}.Debug|Any CPU.Build.0 = Debug|Any CPU
		{48DA2142-CEA3-45B6-812B-2B7D43867B79}.Release|Any CPU.ActiveCfg = Release|Any CPU
		{48DA2142-CEA3-45B6-812B-2B7D43867B79}.Release|Any CPU.Build.0 = Release|Any CPU
	EndGlobalSection
	GlobalSection(SolutionProperties) = preSolution
		HideSolutionNode = FALSE
	EndGlobalSection
	GlobalSection(ExtensibilityGlobals) = postSolution
		SolutionGuid = {AA0F22D6-14AA-422F-8F0B-434F19F18A85}
	EndGlobalSection
EndGlobal
